// !$*UTF8*$!
{
	archiveVersion = 1;
	classes = {
	};
	objectVersion = 51;
	objects = {

/* Begin PBXBuildFile section */
		E4E472E179781A0E781856E5 /* Pods_Kripto.framework in Frameworks */ = {isa = PBXBuildFile; fileRef = F38A32CA98079759732CE3F3 /* Pods_Kripto.framework */; };
		FE794F1D25D08060006723BD /* OturumAcController.swift in Sources */ = {isa = PBXBuildFile; fileRef = FE794F1C25D08060006723BD /* OturumAcController.swift */; };
		FECE026F25C8751400D05500 /* AppDelegate.swift in Sources */ = {isa = PBXBuildFile; fileRef = FECE026E25C8751400D05500 /* AppDelegate.swift */; };
		FECE027125C8751400D05500 /* KriptoViewController.swift in Sources */ = {isa = PBXBuildFile; fileRef = FECE027025C8751400D05500 /* KriptoViewController.swift */; };
		FECE027425C8751400D05500 /* Main.storyboard in Resources */ = {isa = PBXBuildFile; fileRef = FECE027225C8751400D05500 /* Main.storyboard */; };
		FECE027625C8754900D05500 /* Assets.xcassets in Resources */ = {isa = PBXBuildFile; fileRef = FECE027525C8754900D05500 /* Assets.xcassets */; };
		FECE027925C8754900D05500 /* LaunchScreen.storyboard in Resources */ = {isa = PBXBuildFile; fileRef = FECE027725C8754900D05500 /* LaunchScreen.storyboard */; };
		FECE028125C87BD200D05500 /* KriptoTableViewCell.swift in Sources */ = {isa = PBXBuildFile; fileRef = FECE028025C87BD200D05500 /* KriptoTableViewCell.swift */; };
		FECE028725C8BAB400D05500 /* kriptoParaBirimi.swift in Sources */ = {isa = PBXBuildFile; fileRef = FECE028625C8BAB400D05500 /* kriptoParaBirimi.swift */; };
		FECE028925C9BBE500D05500 /* WebService.swift in Sources */ = {isa = PBXBuildFile; fileRef = FECE028825C9BBE500D05500 /* WebService.swift */; };
		FECE028B25C9C0EC00D05500 /* CryptoViewModel.swift in Sources */ = {isa = PBXBuildFile; fileRef = FECE028A25C9C0EB00D05500 /* CryptoViewModel.swift */; };
		FECE028D25CB33B700D05500 /* KayitOlController.swift in Sources */ = {isa = PBXBuildFile; fileRef = FECE028C25CB33B700D05500 /* KayitOlController.swift */; };
		FECE028F25CC441600D05500 /* extension+UIColor.swift in Sources */ = {isa = PBXBuildFile; fileRef = FECE028E25CC441600D05500 /* extension+UIColor.swift */; };
		FECE029125CC4E2800D05500 /* GoogleService-Info.plist in Resources */ = {isa = PBXBuildFile; fileRef = FECE029025CC4E2800D05500 /* GoogleService-Info.plist */; };
/* End PBXBuildFile section */

/* Begin PBXFileReference section */
		979546B72E3A4FFA92184DEB /* Pods-Kripto.debug.xcconfig */ = {isa = PBXFileReference; includeInIndex = 1; lastKnownFileType = text.xcconfig; name = "Pods-Kripto.debug.xcconfig"; path = "Target Support Files/Pods-Kripto/Pods-Kripto.debug.xcconfig"; sourceTree = "<group>"; };
		BD75BAD1951B9B3ECFCCBAFD /* Pods-Kripto.release.xcconfig */ = {isa = PBXFileReference; includeInIndex = 1; lastKnownFileType = text.xcconfig; name = "Pods-Kripto.release.xcconfig"; path = "Target Support Files/Pods-Kripto/Pods-Kripto.release.xcconfig"; sourceTree = "<group>"; };
		F38A32CA98079759732CE3F3 /* Pods_Kripto.framework */ = {isa = PBXFileReference; explicitFileType = wrapper.framework; includeInIndex = 0; path = Pods_Kripto.framework; sourceTree = BUILT_PRODUCTS_DIR; };
		FE794F1C25D08060006723BD /* OturumAcController.swift */ = {isa = PBXFileReference; lastKnownFileType = sourcecode.swift; path = OturumAcController.swift; sourceTree = "<group>"; };
		FECE026B25C8751400D05500 /* Kripto.app */ = {isa = PBXFileReference; explicitFileType = wrapper.application; includeInIndex = 0; path = Kripto.app; sourceTree = BUILT_PRODUCTS_DIR; };
		FECE026E25C8751400D05500 /* AppDelegate.swift */ = {isa = PBXFileReference; lastKnownFileType = sourcecode.swift; path = AppDelegate.swift; sourceTree = "<group>"; };
		FECE027025C8751400D05500 /* KriptoViewController.swift */ = {isa = PBXFileReference; lastKnownFileType = sourcecode.swift; path = KriptoViewController.swift; sourceTree = "<group>"; };
		FECE027325C8751400D05500 /* Base */ = {isa = PBXFileReference; lastKnownFileType = file.storyboard; name = Base; path = Base.lproj/Main.storyboard; sourceTree = "<group>"; };
		FECE027525C8754900D05500 /* Assets.xcassets */ = {isa = PBXFileReference; lastKnownFileType = folder.assetcatalog; path = Assets.xcassets; sourceTree = "<group>"; };
		FECE027825C8754900D05500 /* Base */ = {isa = PBXFileReference; lastKnownFileType = file.storyboard; name = Base; path = Base.lproj/LaunchScreen.storyboard; sourceTree = "<group>"; };
		FECE027A25C8754A00D05500 /* Info.plist */ = {isa = PBXFileReference; lastKnownFileType = text.plist.xml; path = Info.plist; sourceTree = "<group>"; };
		FECE028025C87BD200D05500 /* KriptoTableViewCell.swift */ = {isa = PBXFileReference; lastKnownFileType = sourcecode.swift; path = KriptoTableViewCell.swift; sourceTree = "<group>"; };
		FECE028625C8BAB400D05500 /* kriptoParaBirimi.swift */ = {isa = PBXFileReference; lastKnownFileType = sourcecode.swift; path = kriptoParaBirimi.swift; sourceTree = "<group>"; };
		FECE028825C9BBE500D05500 /* WebService.swift */ = {isa = PBXFileReference; lastKnownFileType = sourcecode.swift; path = WebService.swift; sourceTree = "<group>"; };
		FECE028A25C9C0EB00D05500 /* CryptoViewModel.swift */ = {isa = PBXFileReference; lastKnownFileType = sourcecode.swift; path = CryptoViewModel.swift; sourceTree = "<group>"; };
		FECE028C25CB33B700D05500 /* KayitOlController.swift */ = {isa = PBXFileReference; lastKnownFileType = sourcecode.swift; path = KayitOlController.swift; sourceTree = "<group>"; };
		FECE028E25CC441600D05500 /* extension+UIColor.swift */ = {isa = PBXFileReference; lastKnownFileType = sourcecode.swift; path = "extension+UIColor.swift"; sourceTree = "<group>"; };
		FECE029025CC4E2800D05500 /* GoogleService-Info.plist */ = {isa = PBXFileReference; fileEncoding = 4; lastKnownFileType = text.plist.xml; name = "GoogleService-Info.plist"; path = "../../../Downloads/GoogleService-Info.plist"; sourceTree = "<group>"; };
/* End PBXFileReference section */

/* Begin PBXFrameworksBuildPhase section */
		FECE026825C8751400D05500 /* Frameworks */ = {
			isa = PBXFrameworksBuildPhase;
			buildActionMask = 2147483647;
			files = (
				E4E472E179781A0E781856E5 /* Pods_Kripto.framework in Frameworks */,
			);
			runOnlyForDeploymentPostprocessing = 0;
		};
/* End PBXFrameworksBuildPhase section */

/* Begin PBXGroup section */
		2727DFA44C4CDB3C8FF69B33 /* Frameworks */ = {
			isa = PBXGroup;
			children = (
				F38A32CA98079759732CE3F3 /* Pods_Kripto.framework */,
			);
			name = Frameworks;
			sourceTree = "<group>";
		};
		2DB9FE916A9458DDCE879F21 /* Pods */ = {
			isa = PBXGroup;
			children = (
				979546B72E3A4FFA92184DEB /* Pods-Kripto.debug.xcconfig */,
				BD75BAD1951B9B3ECFCCBAFD /* Pods-Kripto.release.xcconfig */,
			);
			path = Pods;
			sourceTree = "<group>";
		};
		FECE026225C8751300D05500 = {
			isa = PBXGroup;
			children = (
				FECE026D25C8751400D05500 /* Kripto */,
				FECE026C25C8751400D05500 /* Products */,
				2DB9FE916A9458DDCE879F21 /* Pods */,
				2727DFA44C4CDB3C8FF69B33 /* Frameworks */,
			);
			sourceTree = "<group>";
		};
		FECE026C25C8751400D05500 /* Products */ = {
			isa = PBXGroup;
			children = (
				FECE026B25C8751400D05500 /* Kripto.app */,
			);
			name = Products;
			sourceTree = "<group>";
		};
		FECE026D25C8751400D05500 /* Kripto */ = {
			isa = PBXGroup;
			children = (
				FECE028525C8BA4100D05500 /* ViewModel */,
				FECE028425C8BA3800D05500 /* View */,
				FECE028325C8BA2E00D05500 /* Model */,
				FECE028225C8BA2200D05500 /* Service */,
				FECE027225C8751400D05500 /* Main.storyboard */,
				FECE027525C8754900D05500 /* Assets.xcassets */,
				FECE027725C8754900D05500 /* LaunchScreen.storyboard */,
				FECE027A25C8754A00D05500 /* Info.plist */,
				FECE029025CC4E2800D05500 /* GoogleService-Info.plist */,
			);
			path = Kripto;
			sourceTree = "<group>";
		};
		FECE028225C8BA2200D05500 /* Service */ = {
			isa = PBXGroup;
			children = (
				FECE028825C9BBE500D05500 /* WebService.swift */,
			);
			path = Service;
			sourceTree = "<group>";
		};
		FECE028325C8BA2E00D05500 /* Model */ = {
			isa = PBXGroup;
			children = (
				FECE028625C8BAB400D05500 /* kriptoParaBirimi.swift */,
			);
			path = Model;
			sourceTree = "<group>";
		};
		FECE028425C8BA3800D05500 /* View */ = {
			isa = PBXGroup;
			children = (
				FECE026E25C8751400D05500 /* AppDelegate.swift */,
				FECE027025C8751400D05500 /* KriptoViewController.swift */,
				FECE028025C87BD200D05500 /* KriptoTableViewCell.swift */,
				FECE028C25CB33B700D05500 /* KayitOlController.swift */,
				FE794F1C25D08060006723BD /* OturumAcController.swift */,
			);
			path = View;
			sourceTree = "<group>";
		};
		FECE028525C8BA4100D05500 /* ViewModel */ = {
			isa = PBXGroup;
			children = (
				FECE028A25C9C0EB00D05500 /* CryptoViewModel.swift */,
				FECE028E25CC441600D05500 /* extension+UIColor.swift */,
			);
			path = ViewModel;
			sourceTree = "<group>";
		};
/* End PBXGroup section */

/* Begin PBXNativeTarget section */
		FECE026A25C8751400D05500 /* Kripto */ = {
			isa = PBXNativeTarget;
			buildConfigurationList = FECE027D25C8754A00D05500 /* Build configuration list for PBXNativeTarget "Kripto" */;
			buildPhases = (
				516F31CF54D0C36991D1AE83 /* [CP] Check Pods Manifest.lock */,
				FECE026725C8751400D05500 /* Sources */,
				FECE026825C8751400D05500 /* Frameworks */,
				FECE026925C8751400D05500 /* Resources */,
				FF96B9507A6D823F243D01E4 /* [CP] Embed Pods Frameworks */,
			);
			buildRules = (
			);
			dependencies = (
			);
			name = Kripto;
			productName = Kripto;
			productReference = FECE026B25C8751400D05500 /* Kripto.app */;
			productType = "com.apple.product-type.application";
		};
/* End PBXNativeTarget section */

/* Begin PBXProject section */
		FECE026325C8751300D05500 /* Project object */ = {
			isa = PBXProject;
			attributes = {
				LastSwiftUpdateCheck = 1010;
				LastUpgradeCheck = 1010;
				ORGANIZATIONNAME = "Hüseyin Yalçınlar";
				TargetAttributes = {
					FECE026A25C8751400D05500 = {
						CreatedOnToolsVersion = 10.1;
					};
				};
			};
			buildConfigurationList = FECE026625C8751300D05500 /* Build configuration list for PBXProject "Kripto" */;
			compatibilityVersion = "Xcode 9.3";
			developmentRegion = en;
			hasScannedForEncodings = 0;
			knownRegions = (
				en,
				Base,
			);
			mainGroup = FECE026225C8751300D05500;
			productRefGroup = FECE026C25C8751400D05500 /* Products */;
			projectDirPath = "";
			projectRoot = "";
			targets = (
				FECE026A25C8751400D05500 /* Kripto */,
			);
		};
/* End PBXProject section */

/* Begin PBXResourcesBuildPhase section */
		FECE026925C8751400D05500 /* Resources */ = {
			isa = PBXResourcesBuildPhase;
			buildActionMask = 2147483647;
			files = (
				FECE027925C8754900D05500 /* LaunchScreen.storyboard in Resources */,
				FECE029125CC4E2800D05500 /* GoogleService-Info.plist in Resources */,
				FECE027625C8754900D05500 /* Assets.xcassets in Resources */,
				FECE027425C8751400D05500 /* Main.storyboard in Resources */,
			);
			runOnlyForDeploymentPostprocessing = 0;
		};
/* End PBXResourcesBuildPhase section */

/* Begin PBXShellScriptBuildPhase section */
		516F31CF54D0C36991D1AE83 /* [CP] Check Pods Manifest.lock */ = {
			isa = PBXShellScriptBuildPhase;
			buildActionMask = 2147483647;
			files = (
			);
			inputFileListPaths = (
			);
			inputPaths = (
				"${PODS_PODFILE_DIR_PATH}/Podfile.lock",
				"${PODS_ROOT}/Manifest.lock",
			);
			name = "[CP] Check Pods Manifest.lock";
			outputFileListPaths = (
			);
			outputPaths = (
				"$(DERIVED_FILE_DIR)/Pods-Kripto-checkManifestLockResult.txt",
			);
			runOnlyForDeploymentPostprocessing = 0;
			shellPath = /bin/sh;
			shellScript = "diff \"${PODS_PODFILE_DIR_PATH}/Podfile.lock\" \"${PODS_ROOT}/Manifest.lock\" > /dev/null\nif [ $? != 0 ] ; then\n    # print error to STDERR\n    echo \"error: The sandbox is not in sync with the Podfile.lock. Run 'pod install' or update your CocoaPods installation.\" >&2\n    exit 1\nfi\n# This output is used by Xcode 'outputs' to avoid re-running this script phase.\necho \"SUCCESS\" > \"${SCRIPT_OUTPUT_FILE_0}\"\n";
			showEnvVarsInLog = 0;
		};
		FF96B9507A6D823F243D01E4 /* [CP] Embed Pods Frameworks */ = {
			isa = PBXShellScriptBuildPhase;
			buildActionMask = 2147483647;
			files = (
			);
			inputFileListPaths = (
				"${PODS_ROOT}/Target Support Files/Pods-Kripto/Pods-Kripto-frameworks-${CONFIGURATION}-input-files.xcfilelist",
			);
			name = "[CP] Embed Pods Frameworks";
			outputFileListPaths = (
				"${PODS_ROOT}/Target Support Files/Pods-Kripto/Pods-Kripto-frameworks-${CONFIGURATION}-output-files.xcfilelist",
			);
			runOnlyForDeploymentPostprocessing = 0;
			shellPath = /bin/sh;
			shellScript = "\"${PODS_ROOT}/Target Support Files/Pods-Kripto/Pods-Kripto-frameworks.sh\"\n";
			showEnvVarsInLog = 0;
		};
/* End PBXShellScriptBuildPhase section */

/* Begin PBXSourcesBuildPhase section */
		FECE026725C8751400D05500 /* Sources */ = {
			isa = PBXSourcesBuildPhase;
			buildActionMask = 2147483647;
			files = (
				FE794F1D25D08060006723BD /* OturumAcController.swift in Sources */,
				FECE028D25CB33B700D05500 /* KayitOlController.swift in Sources */,
				FECE027125C8751400D05500 /* KriptoViewController.swift in Sources */,
				FECE028125C87BD200D05500 /* KriptoTableViewCell.swift in Sources */,
				FECE028725C8BAB400D05500 /* kriptoParaBirimi.swift in Sources */,
				FECE028925C9BBE500D05500 /* WebService.swift in Sources */,
				FECE026F25C8751400D05500 /* AppDelegate.swift in Sources */,
				FECE028B25C9C0EC00D05500 /* CryptoViewModel.swift in Sources */,
				FECE028F25CC441600D05500 /* extension+UIColor.swift in Sources */,
			);
			runOnlyForDeploymentPostprocessing = 0;
		};
/* End PBXSourcesBuildPhase section */

/* Begin PBXVariantGroup section */
		FECE027225C8751400D05500 /* Main.storyboard */ = {
			isa = PBXVariantGroup;
			children = (
				FECE027325C8751400D05500 /* Base */,
			);
			name = Main.storyboard;
			sourceTree = "<group>";
		};
		FECE027725C8754900D05500 /* LaunchScreen.storyboard */ = {
			isa = PBXVariantGroup;
			children = (
				FECE027825C8754900D05500 /* Base */,
			);
			name = LaunchScreen.storyboard;
			sourceTree = "<group>";
		};
/* End PBXVariantGroup section */

/* Begin XCBuildConfiguration section */
		FECE027B25C8754A00D05500 /* Debug */ = {
			isa = XCBuildConfiguration;
			buildSettings = {
				ALWAYS_SEARCH_USER_PATHS = NO;
				CLANG_ANALYZER_NONNULL = YES;
				CLANG_ANALYZER_NUMBER_OBJECT_CONVERSION = YES_AGGRESSIVE;
				CLANG_CXX_LANGUAGE_STANDARD = "gnu++14";
				CLANG_CXX_LIBRARY = "libc++";
				CLANG_ENABLE_MODULES = YES;
				CLANG_ENABLE_OBJC_ARC = YES;
				CLANG_ENABLE_OBJC_WEAK = YES;
				CLANG_WARN_BLOCK_CAPTURE_AUTORELEASING = YES;
				CLANG_WARN_BOOL_CONVERSION = YES;
				CLANG_WARN_COMMA = YES;
				CLANG_WARN_CONSTANT_CONVERSION = YES;
				CLANG_WARN_DEPRECATED_OBJC_IMPLEMENTATIONS = YES;
				CLANG_WARN_DIRECT_OBJC_ISA_USAGE = YES_ERROR;
				CLANG_WARN_DOCUMENTATION_COMMENTS = YES;
				CLANG_WARN_EMPTY_BODY = YES;
				CLANG_WARN_ENUM_CONVERSION = YES;
				CLANG_WARN_INFINITE_RECURSION = YES;
				CLANG_WARN_INT_CONVERSION = YES;
				CLANG_WARN_NON_LITERAL_NULL_CONVERSION = YES;
				CLANG_WARN_OBJC_IMPLICIT_RETAIN_SELF = YES;
				CLANG_WARN_OBJC_LITERAL_CONVERSION = YES;
				CLANG_WARN_OBJC_ROOT_CLASS = YES_ERROR;
				CLANG_WARN_RANGE_LOOP_ANALYSIS = YES;
				CLANG_WARN_STRICT_PROTOTYPES = YES;
				CLANG_WARN_SUSPICIOUS_MOVE = YES;
				CLANG_WARN_UNGUARDED_AVAILABILITY = YES_AGGRESSIVE;
				CLANG_WARN_UNREACHABLE_CODE = YES;
				CLANG_WARN__DUPLICATE_METHOD_MATCH = YES;
				CODE_SIGN_IDENTITY = "iPhone Developer";
				COPY_PHASE_STRIP = NO;
				DEBUG_INFORMATION_FORMAT = dwarf;
				ENABLE_STRICT_OBJC_MSGSEND = YES;
				ENABLE_TESTABILITY = YES;
				GCC_C_LANGUAGE_STANDARD = gnu11;
				GCC_DYNAMIC_NO_PIC = NO;
				GCC_NO_COMMON_BLOCKS = YES;
				GCC_OPTIMIZATION_LEVEL = 0;
				GCC_PREPROCESSOR_DEFINITIONS = (
					"DEBUG=1",
					"$(inherited)",
				);
				GCC_WARN_64_TO_32_BIT_CONVERSION = YES;
				GCC_WARN_ABOUT_RETURN_TYPE = YES_ERROR;
				GCC_WARN_UNDECLARED_SELECTOR = YES;
				GCC_WARN_UNINITIALIZED_AUTOS = YES_AGGRESSIVE;
				GCC_WARN_UNUSED_FUNCTION = YES;
				GCC_WARN_UNUSED_VARIABLE = YES;
				IPHONEOS_DEPLOYMENT_TARGET = 12.1;
				MTL_ENABLE_DEBUG_INFO = INCLUDE_SOURCE;
				MTL_FAST_MATH = YES;
				ONLY_ACTIVE_ARCH = YES;
				SDKROOT = iphoneos;
				SWIFT_ACTIVE_COMPILATION_CONDITIONS = DEBUG;
				SWIFT_OPTIMIZATION_LEVEL = "-Onone";
			};
			name = Debug;
		};
		FECE027C25C8754A00D05500 /* Release */ = {
			isa = XCBuildConfiguration;
			buildSettings = {
				ALWAYS_SEARCH_USER_PATHS = NO;
				CLANG_ANALYZER_NONNULL = YES;
				CLANG_ANALYZER_NUMBER_OBJECT_CONVERSION = YES_AGGRESSIVE;
				CLANG_CXX_LANGUAGE_STANDARD = "gnu++14";
				CLANG_CXX_LIBRARY = "libc++";
				CLANG_ENABLE_MODULES = YES;
				CLANG_ENABLE_OBJC_ARC = YES;
				CLANG_ENABLE_OBJC_WEAK = YES;
				CLANG_WARN_BLOCK_CAPTURE_AUTORELEASING = YES;
				CLANG_WARN_BOOL_CONVERSION = YES;
				CLANG_WARN_COMMA = YES;
				CLANG_WARN_CONSTANT_CONVERSION = YES;
				CLANG_WARN_DEPRECATED_OBJC_IMPLEMENTATIONS = YES;
				CLANG_WARN_DIRECT_OBJC_ISA_USAGE = YES_ERROR;
				CLANG_WARN_DOCUMENTATION_COMMENTS = YES;
				CLANG_WARN_EMPTY_BODY = YES;
				CLANG_WARN_ENUM_CONVERSION = YES;
				CLANG_WARN_INFINITE_RECURSION = YES;
				CLANG_WARN_INT_CONVERSION = YES;
				CLANG_WARN_NON_LITERAL_NULL_CONVERSION = YES;
				CLANG_WARN_OBJC_IMPLICIT_RETAIN_SELF = YES;
				CLANG_WARN_OBJC_LITERAL_CONVERSION = YES;
				CLANG_WARN_OBJC_ROOT_CLASS = YES_ERROR;
				CLANG_WARN_RANGE_LOOP_ANALYSIS = YES;
				CLANG_WARN_STRICT_PROTOTYPES = YES;
				CLANG_WARN_SUSPICIOUS_MOVE = YES;
				CLANG_WARN_UNGUARDED_AVAILABILITY = YES_AGGRESSIVE;
				CLANG_WARN_UNREACHABLE_CODE = YES;
				CLANG_WARN__DUPLICATE_METHOD_MATCH = YES;
				CODE_SIGN_IDENTITY = "iPhone Developer";
				COPY_PHASE_STRIP = NO;
				DEBUG_INFORMATION_FORMAT = "dwarf-with-dsym";
				ENABLE_NS_ASSERTIONS = NO;
				ENABLE_STRICT_OBJC_MSGSEND = YES;
				GCC_C_LANGUAGE_STANDARD = gnu11;
				GCC_NO_COMMON_BLOCKS = YES;
				GCC_WARN_64_TO_32_BIT_CONVERSION = YES;
				GCC_WARN_ABOUT_RETURN_TYPE = YES_ERROR;
				GCC_WARN_UNDECLARED_SELECTOR = YES;
				GCC_WARN_UNINITIALIZED_AUTOS = YES_AGGRESSIVE;
				GCC_WARN_UNUSED_FUNCTION = YES;
				GCC_WARN_UNUSED_VARIABLE = YES;
				IPHONEOS_DEPLOYMENT_TARGET = 12.1;
				MTL_ENABLE_DEBUG_INFO = NO;
				MTL_FAST_MATH = YES;
				SDKROOT = iphoneos;
				SWIFT_COMPILATION_MODE = wholemodule;
				SWIFT_OPTIMIZATION_LEVEL = "-O";
				VALIDATE_PRODUCT = YES;
			};
			name = Release;
		};
		FECE027E25C8754A00D05500 /* Debug */ = {
			isa = XCBuildConfiguration;
			baseConfigurationReference = 979546B72E3A4FFA92184DEB /* Pods-Kripto.debug.xcconfig */;
			buildSettings = {
				ASSETCATALOG_COMPILER_APPICON_NAME = AppIcon;
				CODE_SIGN_STYLE = Automatic;
				DEVELOPMENT_TEAM = H996UJ4X75;
				INFOPLIST_FILE = Kripto/Info.plist;
				LD_RUNPATH_SEARCH_PATHS = (
					"$(inherited)",
					"@executable_path/Frameworks",
				);
				PRODUCT_BUNDLE_IDENTIFIER = hsynylcnlr.com.Kripto;
				PRODUCT_NAME = "$(TARGET_NAME)";
				SWIFT_VERSION = 4.2;
				TARGETED_DEVICE_FAMILY = "1,2";
			};
			name = Debug;
		};
		FECE027F25C8754A00D05500 /* Release */ = {
			isa = XCBuildConfiguration;
			baseConfigurationReference = BD75BAD1951B9B3ECFCCBAFD /* Pods-Kripto.release.xcconfig */;
			buildSettings = {
				ASSETCATALOG_COMPILER_APPICON_NAME = AppIcon;
				CODE_SIGN_STYLE = Automatic;
				DEVELOPMENT_TEAM = H996UJ4X75;
				INFOPLIST_FILE = Kripto/Info.plist;
				LD_RUNPATH_SEARCH_PATHS = (
					"$(inherited)",
					"@executable_path/Frameworks",
				);
				PRODUCT_BUNDLE_IDENTIFIER = hsynylcnlr.com.Kripto;
				PRODUCT_NAME = "$(TARGET_NAME)";
				SWIFT_VERSION = 4.2;
				TARGETED_DEVICE_FAMILY = "1,2";
			};
			name = Release;
		};
/* End XCBuildConfiguration section */

/* Begin XCConfigurationList section */
		FECE026625C8751300D05500 /* Build configuration list for PBXProject "Kripto" */ = {
			isa = XCConfigurationList;
			buildConfigurations = (
				FECE027B25C8754A00D05500 /* Debug */,
				FECE027C25C8754A00D05500 /* Release */,
			);
			defaultConfigurationIsVisible = 0;
			defaultConfigurationName = Release;
		};
		FECE027D25C8754A00D05500 /* Build configuration list for PBXNativeTarget "Kripto" */ = {
			isa = XCConfigurationList;
			buildConfigurations = (
				FECE027E25C8754A00D05500 /* Debug */,
				FECE027F25C8754A00D05500 /* Release */,
			);
			defaultConfigurationIsVisible = 0;
			defaultConfigurationName = Release;
		};
/* End XCConfigurationList section */
	};
	rootObject = FECE026325C8751300D05500 /* Project object */;
}
